
Microsoft Visual Studio Solution File, Format Version 12.00
# Visual Studio Version 17
VisualStudioVersion = 17.4.33122.133
MinimumVisualStudioVersion = 10.0.40219.1
Project("{2150E333-8FDC-42A3-9474-1A3956D46DE8}") = "Criacionais", "Criacionais", "{92A1B73E-B6D3-4175-A4AE-33A8B1E31699}"
EndProject
Project("{9A19103F-16F7-4668-BE54-9A1E7A4F7556}") = "AbstractFactory", "AbstractFactory\AbstractFactory.csproj", "{5F608D5D-3B91-440A-9A34-67B6EBE9E249}"
EndProject
Project("{9A19103F-16F7-4668-BE54-9A1E7A4F7556}") = "Singleton", "Singleton\Singleton.csproj", "{8D2A416A-299E-4E5F-B0D7-3CA2C0A6E35F}"
EndProject
Project("{9A19103F-16F7-4668-BE54-9A1E7A4F7556}") = "FactoryMethod", "FactoryMethod\FactoryMethod.csproj", "{AB8543F3-3496-4A86-94F1-D62A04036D90}"
EndProject
Project("{9A19103F-16F7-4668-BE54-9A1E7A4F7556}") = "Builder", "Builder\Builder.csproj", "{61234432-CD4B-4A15-B4C0-C08D54DFD98A}"
EndProject
Project("{9A19103F-16F7-4668-BE54-9A1E7A4F7556}") = "Prototype", "Prototype\Prototype.csproj", "{49B36D61-C2B9-4012-B275-6D50D0702B8F}"
EndProject
Project("{2150E333-8FDC-42A3-9474-1A3956D46DE8}") = "Estruturais", "Estruturais", "{0834CDCE-3C71-43D9-975A-E8E42CFF6E8F}"
EndProject
Project("{9A19103F-16F7-4668-BE54-9A1E7A4F7556}") = "Adapter", "Adapter\Adapter.csproj", "{2203CB02-78B6-4E39-8F02-F59542044945}"
EndProject
Project("{9A19103F-16F7-4668-BE54-9A1E7A4F7556}") = "Facade", "Facade\Facade.csproj", "{8F819C57-BB9A-435A-A393-8D0182A2CDF3}"
EndProject
Project("{9A19103F-16F7-4668-BE54-9A1E7A4F7556}") = "Bridge", "Bridge\Bridge.csproj", "{7D667943-5766-4F99-B982-C26F9E19FAF9}"
EndProject
Project("{9A19103F-16F7-4668-BE54-9A1E7A4F7556}") = "Decorator", "Decorator\Decorator.csproj", "{200912BC-25AA-4FA6-BA9C-5229849DB5B6}"
EndProject
Project("{9A19103F-16F7-4668-BE54-9A1E7A4F7556}") = "Flyweight", "Flyweight\Flyweight.csproj", "{CBFE93E9-91CC-44DE-9C24-DB3A1B95857A}"
EndProject
Project("{9A19103F-16F7-4668-BE54-9A1E7A4F7556}") = "Composite", "Composite\Composite.csproj", "{40FE7B57-54AA-44C7-AE03-28CC30B34DEF}"
EndProject
Project("{9A19103F-16F7-4668-BE54-9A1E7A4F7556}") = "Proxy", "Proxy\Proxy.csproj", "{74533FD0-15F8-4EDE-BC5D-D3BEABEB5775}"
EndProject
Project("{2150E333-8FDC-42A3-9474-1A3956D46DE8}") = "Comportamentais", "Comportamentais", "{1AA53358-086E-4386-9871-B037DF1915CB}"
EndProject
Project("{FAE04EC0-301F-11D3-BF4B-00C04F79EFBC}") = "Strategy", "Strategy\Strategy.csproj", "{19B80222-77D2-44A7-A96C-F42153E1DF2C}"
EndProject
Global
	GlobalSection(SolutionConfigurationPlatforms) = preSolution
		Debug|Any CPU = Debug|Any CPU
		Release|Any CPU = Release|Any CPU
	EndGlobalSection
	GlobalSection(ProjectConfigurationPlatforms) = postSolution
		{5F608D5D-3B91-440A-9A34-67B6EBE9E249}.Debug|Any CPU.ActiveCfg = Debug|Any CPU
		{5F608D5D-3B91-440A-9A34-67B6EBE9E249}.Debug|Any CPU.Build.0 = Debug|Any CPU
		{5F608D5D-3B91-440A-9A34-67B6EBE9E249}.Release|Any CPU.ActiveCfg = Release|Any CPU
		{5F608D5D-3B91-440A-9A34-67B6EBE9E249}.Release|Any CPU.Build.0 = Release|Any CPU
		{8D2A416A-299E-4E5F-B0D7-3CA2C0A6E35F}.Debug|Any CPU.ActiveCfg = Debug|Any CPU
		{8D2A416A-299E-4E5F-B0D7-3CA2C0A6E35F}.Debug|Any CPU.Build.0 = Debug|Any CPU
		{8D2A416A-299E-4E5F-B0D7-3CA2C0A6E35F}.Release|Any CPU.ActiveCfg = Release|Any CPU
		{8D2A416A-299E-4E5F-B0D7-3CA2C0A6E35F}.Release|Any CPU.Build.0 = Release|Any CPU
		{AB8543F3-3496-4A86-94F1-D62A04036D90}.Debug|Any CPU.ActiveCfg = Debug|Any CPU
		{AB8543F3-3496-4A86-94F1-D62A04036D90}.Debug|Any CPU.Build.0 = Debug|Any CPU
		{AB8543F3-3496-4A86-94F1-D62A04036D90}.Release|Any CPU.ActiveCfg = Release|Any CPU
		{AB8543F3-3496-4A86-94F1-D62A04036D90}.Release|Any CPU.Build.0 = Release|Any CPU
		{61234432-CD4B-4A15-B4C0-C08D54DFD98A}.Debug|Any CPU.ActiveCfg = Debug|Any CPU
		{61234432-CD4B-4A15-B4C0-C08D54DFD98A}.Debug|Any CPU.Build.0 = Debug|Any CPU
		{61234432-CD4B-4A15-B4C0-C08D54DFD98A}.Release|Any CPU.ActiveCfg = Release|Any CPU
		{61234432-CD4B-4A15-B4C0-C08D54DFD98A}.Release|Any CPU.Build.0 = Release|Any CPU
		{49B36D61-C2B9-4012-B275-6D50D0702B8F}.Debug|Any CPU.ActiveCfg = Debug|Any CPU
		{49B36D61-C2B9-4012-B275-6D50D0702B8F}.Debug|Any CPU.Build.0 = Debug|Any CPU
		{49B36D61-C2B9-4012-B275-6D50D0702B8F}.Release|Any CPU.ActiveCfg = Release|Any CPU
		{49B36D61-C2B9-4012-B275-6D50D0702B8F}.Release|Any CPU.Build.0 = Release|Any CPU
		{2203CB02-78B6-4E39-8F02-F59542044945}.Debug|Any CPU.ActiveCfg = Debug|Any CPU
		{2203CB02-78B6-4E39-8F02-F59542044945}.Debug|Any CPU.Build.0 = Debug|Any CPU
		{2203CB02-78B6-4E39-8F02-F59542044945}.Release|Any CPU.ActiveCfg = Release|Any CPU
		{2203CB02-78B6-4E39-8F02-F59542044945}.Release|Any CPU.Build.0 = Release|Any CPU
		{8F819C57-BB9A-435A-A393-8D0182A2CDF3}.Debug|Any CPU.ActiveCfg = Debug|Any CPU
		{8F819C57-BB9A-435A-A393-8D0182A2CDF3}.Debug|Any CPU.Build.0 = Debug|Any CPU
		{8F819C57-BB9A-435A-A393-8D0182A2CDF3}.Release|Any CPU.ActiveCfg = Release|Any CPU
		{8F819C57-BB9A-435A-A393-8D0182A2CDF3}.Release|Any CPU.Build.0 = Release|Any CPU
		{7D667943-5766-4F99-B982-C26F9E19FAF9}.Debug|Any CPU.ActiveCfg = Debug|Any CPU
		{7D667943-5766-4F99-B982-C26F9E19FAF9}.Debug|Any CPU.Build.0 = Debug|Any CPU
		{7D667943-5766-4F99-B982-C26F9E19FAF9}.Release|Any CPU.ActiveCfg = Release|Any CPU
		{7D667943-5766-4F99-B982-C26F9E19FAF9}.Release|Any CPU.Build.0 = Release|Any CPU
		{200912BC-25AA-4FA6-BA9C-5229849DB5B6}.Debug|Any CPU.ActiveCfg = Debug|Any CPU
		{200912BC-25AA-4FA6-BA9C-5229849DB5B6}.Debug|Any CPU.Build.0 = Debug|Any CPU
		{200912BC-25AA-4FA6-BA9C-5229849DB5B6}.Release|Any CPU.ActiveCfg = Release|Any CPU
		{200912BC-25AA-4FA6-BA9C-5229849DB5B6}.Release|Any CPU.Build.0 = Release|Any CPU
		{CBFE93E9-91CC-44DE-9C24-DB3A1B95857A}.Debug|Any CPU.ActiveCfg = Debug|Any CPU
		{CBFE93E9-91CC-44DE-9C24-DB3A1B95857A}.Debug|Any CPU.Build.0 = Debug|Any CPU
		{CBFE93E9-91CC-44DE-9C24-DB3A1B95857A}.Release|Any CPU.ActiveCfg = Release|Any CPU
		{CBFE93E9-91CC-44DE-9C24-DB3A1B95857A}.Release|Any CPU.Build.0 = Release|Any CPU
		{40FE7B57-54AA-44C7-AE03-28CC30B34DEF}.Debug|Any CPU.ActiveCfg = Debug|Any CPU
		{40FE7B57-54AA-44C7-AE03-28CC30B34DEF}.Debug|Any CPU.Build.0 = Debug|Any CPU
		{40FE7B57-54AA-44C7-AE03-28CC30B34DEF}.Release|Any CPU.ActiveCfg = Release|Any CPU
		{40FE7B57-54AA-44C7-AE03-28CC30B34DEF}.Release|Any CPU.Build.0 = Release|Any CPU
		{74533FD0-15F8-4EDE-BC5D-D3BEABEB5775}.Debug|Any CPU.ActiveCfg = Debug|Any CPU
		{74533FD0-15F8-4EDE-BC5D-D3BEABEB5775}.Debug|Any CPU.Build.0 = Debug|Any CPU
		{74533FD0-15F8-4EDE-BC5D-D3BEABEB5775}.Release|Any CPU.ActiveCfg = Release|Any CPU
		{74533FD0-15F8-4EDE-BC5D-D3BEABEB5775}.Release|Any CPU.Build.0 = Release|Any CPU
		{19B80222-77D2-44A7-A96C-F42153E1DF2C}.Debug|Any CPU.ActiveCfg = Debug|Any CPU
		{19B80222-77D2-44A7-A96C-F42153E1DF2C}.Debug|Any CPU.Build.0 = Debug|Any CPU
		{19B80222-77D2-44A7-A96C-F42153E1DF2C}.Release|Any CPU.ActiveCfg = Release|Any CPU
		{19B80222-77D2-44A7-A96C-F42153E1DF2C}.Release|Any CPU.Build.0 = Release|Any CPU
	EndGlobalSection
	GlobalSection(SolutionProperties) = preSolution
		HideSolutionNode = FALSE
	EndGlobalSection
	GlobalSection(NestedProjects) = preSolution
		{5F608D5D-3B91-440A-9A34-67B6EBE9E249} = {92A1B73E-B6D3-4175-A4AE-33A8B1E31699}
		{8D2A416A-299E-4E5F-B0D7-3CA2C0A6E35F} = {92A1B73E-B6D3-4175-A4AE-33A8B1E31699}
		{AB8543F3-3496-4A86-94F1-D62A04036D90} = {92A1B73E-B6D3-4175-A4AE-33A8B1E31699}
		{61234432-CD4B-4A15-B4C0-C08D54DFD98A} = {92A1B73E-B6D3-4175-A4AE-33A8B1E31699}
		{49B36D61-C2B9-4012-B275-6D50D0702B8F} = {92A1B73E-B6D3-4175-A4AE-33A8B1E31699}
		{2203CB02-78B6-4E39-8F02-F59542044945} = {0834CDCE-3C71-43D9-975A-E8E42CFF6E8F}
		{8F819C57-BB9A-435A-A393-8D0182A2CDF3} = {0834CDCE-3C71-43D9-975A-E8E42CFF6E8F}
		{7D667943-5766-4F99-B982-C26F9E19FAF9} = {0834CDCE-3C71-43D9-975A-E8E42CFF6E8F}
		{200912BC-25AA-4FA6-BA9C-5229849DB5B6} = {0834CDCE-3C71-43D9-975A-E8E42CFF6E8F}
		{CBFE93E9-91CC-44DE-9C24-DB3A1B95857A} = {0834CDCE-3C71-43D9-975A-E8E42CFF6E8F}
		{40FE7B57-54AA-44C7-AE03-28CC30B34DEF} = {0834CDCE-3C71-43D9-975A-E8E42CFF6E8F}
		{74533FD0-15F8-4EDE-BC5D-D3BEABEB5775} = {0834CDCE-3C71-43D9-975A-E8E42CFF6E8F}
		{19B80222-77D2-44A7-A96C-F42153E1DF2C} = {1AA53358-086E-4386-9871-B037DF1915CB}
	EndGlobalSection
	GlobalSection(ExtensibilityGlobals) = postSolution
		SolutionGuid = {05619A7A-D6C3-4429-B0A9-888DFCFEAED8}
	EndGlobalSection
EndGlobal
